
Microsoft Visual Studio Solution File, Format Version 12.00
# Visual Studio Version 17
VisualStudioVersion = 17.13.35806.99
MinimumVisualStudioVersion = 10.0.40219.1
Project("{FAE04EC0-301F-11D3-BF4B-00C04F79EFBC}") = "IKEA.PL", "IKEA.PL\IKEA.PL.csproj", "{175D0518-1133-4F25-AF26-767A5A881906}"
EndProject
Project("{FAE04EC0-301F-11D3-BF4B-00C04F79EFBC}") = "IKEA.BLL", "IKEA.BLL\IKEA.BLL.csproj", "{0A16554A-5EED-4785-8353-68DA971BB4A3}"
EndProject
Project("{FAE04EC0-301F-11D3-BF4B-00C04F79EFBC}") = "IKEA.DAL", "IKEA.DAL\IKEA.DAL.csproj", "{ED74956E-B5DB-46C7-BCF6-9C9190D53DDC}"
EndProject
Global
	GlobalSection(SolutionConfigurationPlatforms) = preSolution
		Debug|Any CPU = Debug|Any CPU
		Release|Any CPU = Release|Any CPU
	EndGlobalSection
	GlobalSection(ProjectConfigurationPlatforms) = postSolution
		{175D0518-1133-4F25-AF26-767A5A881906}.Debug|Any CPU.ActiveCfg = Debug|Any CPU
		{175D0518-1133-4F25-AF26-767A5A881906}.Debug|Any CPU.Build.0 = Debug|Any CPU
		{175D0518-1133-4F25-AF26-767A5A881906}.Release|Any CPU.ActiveCfg = Release|Any CPU
		{175D0518-1133-4F25-AF26-767A5A881906}.Release|Any CPU.Build.0 = Release|Any CPU
		{0A16554A-5EED-4785-8353-68DA971BB4A3}.Debug|Any CPU.ActiveCfg = Debug|Any CPU
		{0A16554A-5EED-4785-8353-68DA971BB4A3}.Debug|Any CPU.Build.0 = Debug|Any CPU
		{0A16554A-5EED-4785-8353-68DA971BB4A3}.Release|Any CPU.ActiveCfg = Release|Any CPU
		{0A16554A-5EED-4785-8353-68DA971BB4A3}.Release|Any CPU.Build.0 = Release|Any CPU
		{ED74956E-B5DB-46C7-BCF6-9C9190D53DDC}.Debug|Any CPU.ActiveCfg = Debug|Any CPU
		{ED74956E-B5DB-46C7-BCF6-9C9190D53DDC}.Debug|Any CPU.Build.0 = Debug|Any CPU
		{ED74956E-B5DB-46C7-BCF6-9C9190D53DDC}.Release|Any CPU.ActiveCfg = Release|Any CPU
		{ED74956E-B5DB-46C7-BCF6-9C9190D53DDC}.Release|Any CPU.Build.0 = Release|Any CPU
	EndGlobalSection
	GlobalSection(SolutionProperties) = preSolution
		HideSolutionNode = FALSE
	EndGlobalSection
	GlobalSection(ExtensibilityGlobals) = postSolution
		SolutionGuid = {6040F225-902A-4256-9582-F6F0F4E02A17}
	EndGlobalSection
EndGlobal
